
Microsoft Visual Studio Solution File, Format Version 12.00
# Visual Studio Version 17
VisualStudioVersion = 17.7.34024.191
MinimumVisualStudioVersion = 10.0.40219.1
Project("{FAE04EC0-301F-11D3-BF4B-00C04F79EFBC}") = "ChethanKacham_Assignment02", "ChethanKacham_Assignment02\ChethanKacham_Assignment02.csproj", "{813094F3-170A-4A59-8375-BB24EC96350F}"
EndProject
Global
	GlobalSection(SolutionConfigurationPlatforms) = preSolution
		Debug|Any CPU = Debug|Any CPU
		Release|Any CPU = Release|Any CPU
	EndGlobalSection
	GlobalSection(ProjectConfigurationPlatforms) = postSolution
		{813094F3-170A-4A59-8375-BB24EC96350F}.Debug|Any CPU.ActiveCfg = Debug|Any CPU
		{813094F3-170A-4A59-8375-BB24EC96350F}.Debug|Any CPU.Build.0 = Debug|Any CPU
		{813094F3-170A-4A59-8375-BB24EC96350F}.Release|Any CPU.ActiveCfg = Release|Any CPU
		{813094F3-170A-4A59-8375-BB24EC96350F}.Release|Any CPU.Build.0 = Release|Any CPU
	EndGlobalSection
	GlobalSection(SolutionProperties) = preSolution
		HideSolutionNode = FALSE
	EndGlobalSection
	GlobalSection(ExtensibilityGlobals) = postSolution
		SolutionGuid = {469EAE96-2B54-4B14-A60C-BD2B3FA90F2C}
	EndGlobalSection
EndGlobal
